
Microsoft Visual Studio Solution File, Format Version 12.00
# Visual Studio Version 17
VisualStudioVersion = 17.8.34601.278
MinimumVisualStudioVersion = 10.0.40219.1
Project("{FAE04EC0-301F-11D3-BF4B-00C04F79EFBC}") = "BuberDinner.Api", "BuberDinner.Api\BuberDinner.Api.csproj", "{49BE44C1-E0DC-437F-94D9-C67A86DD79F6}"
EndProject
Project("{FAE04EC0-301F-11D3-BF4B-00C04F79EFBC}") = "BuberDinner.Contracts", "BuberDinner.Contracts\BuberDinner.Contracts.csproj", "{61C565DC-BA80-4606-BDBB-35658313457A}"
EndProject
Project("{FAE04EC0-301F-11D3-BF4B-00C04F79EFBC}") = "BuberDinner.Infrastructure", "BuberDinner.Infrastructure\BuberDinner.Infrastructure.csproj", "{90C17F55-4A7F-426B-81F7-E9741E27ACEF}"
EndProject
Project("{FAE04EC0-301F-11D3-BF4B-00C04F79EFBC}") = "BuberDinner.Application", "BuberDinner.Application\BuberDinner.Application.csproj", "{8A71CBFB-FF36-4D6E-8CAC-E93BF7A22DF0}"
EndProject
Project("{FAE04EC0-301F-11D3-BF4B-00C04F79EFBC}") = "BuberDinner.Domain", "BuberDinner.Domain\BuberDinner.Domain.csproj", "{B70F6021-BA2A-4AA3-A46D-449C2C525F5F}"
EndProject
Global
	GlobalSection(SolutionConfigurationPlatforms) = preSolution
		Debug|Any CPU = Debug|Any CPU
		Release|Any CPU = Release|Any CPU
	EndGlobalSection
	GlobalSection(ProjectConfigurationPlatforms) = postSolution
		{49BE44C1-E0DC-437F-94D9-C67A86DD79F6}.Debug|Any CPU.ActiveCfg = Debug|Any CPU
		{49BE44C1-E0DC-437F-94D9-C67A86DD79F6}.Debug|Any CPU.Build.0 = Debug|Any CPU
		{49BE44C1-E0DC-437F-94D9-C67A86DD79F6}.Release|Any CPU.ActiveCfg = Release|Any CPU
		{49BE44C1-E0DC-437F-94D9-C67A86DD79F6}.Release|Any CPU.Build.0 = Release|Any CPU
		{61C565DC-BA80-4606-BDBB-35658313457A}.Debug|Any CPU.ActiveCfg = Debug|Any CPU
		{61C565DC-BA80-4606-BDBB-35658313457A}.Debug|Any CPU.Build.0 = Debug|Any CPU
		{61C565DC-BA80-4606-BDBB-35658313457A}.Release|Any CPU.ActiveCfg = Release|Any CPU
		{61C565DC-BA80-4606-BDBB-35658313457A}.Release|Any CPU.Build.0 = Release|Any CPU
		{90C17F55-4A7F-426B-81F7-E9741E27ACEF}.Debug|Any CPU.ActiveCfg = Debug|Any CPU
		{90C17F55-4A7F-426B-81F7-E9741E27ACEF}.Debug|Any CPU.Build.0 = Debug|Any CPU
		{90C17F55-4A7F-426B-81F7-E9741E27ACEF}.Release|Any CPU.ActiveCfg = Release|Any CPU
		{90C17F55-4A7F-426B-81F7-E9741E27ACEF}.Release|Any CPU.Build.0 = Release|Any CPU
		{8A71CBFB-FF36-4D6E-8CAC-E93BF7A22DF0}.Debug|Any CPU.ActiveCfg = Debug|Any CPU
		{8A71CBFB-FF36-4D6E-8CAC-E93BF7A22DF0}.Debug|Any CPU.Build.0 = Debug|Any CPU
		{8A71CBFB-FF36-4D6E-8CAC-E93BF7A22DF0}.Release|Any CPU.ActiveCfg = Release|Any CPU
		{8A71CBFB-FF36-4D6E-8CAC-E93BF7A22DF0}.Release|Any CPU.Build.0 = Release|Any CPU
		{B70F6021-BA2A-4AA3-A46D-449C2C525F5F}.Debug|Any CPU.ActiveCfg = Debug|Any CPU
		{B70F6021-BA2A-4AA3-A46D-449C2C525F5F}.Debug|Any CPU.Build.0 = Debug|Any CPU
		{B70F6021-BA2A-4AA3-A46D-449C2C525F5F}.Release|Any CPU.ActiveCfg = Release|Any CPU
		{B70F6021-BA2A-4AA3-A46D-449C2C525F5F}.Release|Any CPU.Build.0 = Release|Any CPU
	EndGlobalSection
	GlobalSection(SolutionProperties) = preSolution
		HideSolutionNode = FALSE
	EndGlobalSection
	GlobalSection(ExtensibilityGlobals) = postSolution
		SolutionGuid = {0F1DD838-558F-4B79-A854-DF941C2F7610}
	EndGlobalSection
EndGlobal
